
Microsoft Visual Studio Solution File, Format Version 12.00
# Visual Studio Version 18
VisualStudioVersion = 18.3.11520.95 d18.3
MinimumVisualStudioVersion = 10.0.40219.1
Project("{FAE04EC0-301F-11D3-BF4B-00C04F79EFBC}") = "GameStore.Application", "GameStore.Application\GameStore.Application.csproj", "{F7E319A6-2461-7495-9690-A2A6F0E14112}"
EndProject
Project("{FAE04EC0-301F-11D3-BF4B-00C04F79EFBC}") = "GameStore.Infrastructure", "GameStore.Infrastructure\GameStore.Infrastructure.csproj", "{5FC5930C-B84C-3497-9AE7-8B17E909BB75}"
EndProject
Project("{FAE04EC0-301F-11D3-BF4B-00C04F79EFBC}") = "GameStore.Domain", "GameStore.Models\GameStore.Domain.csproj", "{1E76F13F-F829-40EC-57BC-AC73520492AB}"
EndProject
Project("{FAE04EC0-301F-11D3-BF4B-00C04F79EFBC}") = "GameStore.Repositories", "GameStore.Repositories\GameStore.Repositories.csproj", "{7E0D57EC-1F3E-1FA2-063A-803E78CEA977}"
EndProject
Project("{FAE04EC0-301F-11D3-BF4B-00C04F79EFBC}") = "GameStore.Services", "GameStore.Services\GameStore.Services.csproj", "{D84B9E1F-C1B8-4BA7-D5BA-14FF364074CF}"
EndProject
Project("{FAE04EC0-301F-11D3-BF4B-00C04F79EFBC}") = "GameStoreApi", "GameStoreApi\GameStoreApi.csproj", "{9FE859E3-8325-8BF9-41AC-8613F1FBF8CF}"
EndProject
Global
	GlobalSection(SolutionConfigurationPlatforms) = preSolution
		Debug|Any CPU = Debug|Any CPU
		Release|Any CPU = Release|Any CPU
	EndGlobalSection
	GlobalSection(ProjectConfigurationPlatforms) = postSolution
		{F7E319A6-2461-7495-9690-A2A6F0E14112}.Debug|Any CPU.ActiveCfg = Debug|Any CPU
		{F7E319A6-2461-7495-9690-A2A6F0E14112}.Debug|Any CPU.Build.0 = Debug|Any CPU
		{F7E319A6-2461-7495-9690-A2A6F0E14112}.Release|Any CPU.ActiveCfg = Release|Any CPU
		{F7E319A6-2461-7495-9690-A2A6F0E14112}.Release|Any CPU.Build.0 = Release|Any CPU
		{5FC5930C-B84C-3497-9AE7-8B17E909BB75}.Debug|Any CPU.ActiveCfg = Debug|Any CPU
		{5FC5930C-B84C-3497-9AE7-8B17E909BB75}.Debug|Any CPU.Build.0 = Debug|Any CPU
		{5FC5930C-B84C-3497-9AE7-8B17E909BB75}.Release|Any CPU.ActiveCfg = Release|Any CPU
		{5FC5930C-B84C-3497-9AE7-8B17E909BB75}.Release|Any CPU.Build.0 = Release|Any CPU
		{1E76F13F-F829-40EC-57BC-AC73520492AB}.Debug|Any CPU.ActiveCfg = Debug|Any CPU
		{1E76F13F-F829-40EC-57BC-AC73520492AB}.Debug|Any CPU.Build.0 = Debug|Any CPU
		{1E76F13F-F829-40EC-57BC-AC73520492AB}.Release|Any CPU.ActiveCfg = Release|Any CPU
		{1E76F13F-F829-40EC-57BC-AC73520492AB}.Release|Any CPU.Build.0 = Release|Any CPU
		{7E0D57EC-1F3E-1FA2-063A-803E78CEA977}.Debug|Any CPU.ActiveCfg = Debug|Any CPU
		{7E0D57EC-1F3E-1FA2-063A-803E78CEA977}.Debug|Any CPU.Build.0 = Debug|Any CPU
		{7E0D57EC-1F3E-1FA2-063A-803E78CEA977}.Release|Any CPU.ActiveCfg = Release|Any CPU
		{7E0D57EC-1F3E-1FA2-063A-803E78CEA977}.Release|Any CPU.Build.0 = Release|Any CPU
		{D84B9E1F-C1B8-4BA7-D5BA-14FF364074CF}.Debug|Any CPU.ActiveCfg = Debug|Any CPU
		{D84B9E1F-C1B8-4BA7-D5BA-14FF364074CF}.Debug|Any CPU.Build.0 = Debug|Any CPU
		{D84B9E1F-C1B8-4BA7-D5BA-14FF364074CF}.Release|Any CPU.ActiveCfg = Release|Any CPU
		{D84B9E1F-C1B8-4BA7-D5BA-14FF364074CF}.Release|Any CPU.Build.0 = Release|Any CPU
		{9FE859E3-8325-8BF9-41AC-8613F1FBF8CF}.Debug|Any CPU.ActiveCfg = Debug|Any CPU
		{9FE859E3-8325-8BF9-41AC-8613F1FBF8CF}.Debug|Any CPU.Build.0 = Debug|Any CPU
		{9FE859E3-8325-8BF9-41AC-8613F1FBF8CF}.Release|Any CPU.ActiveCfg = Release|Any CPU
		{9FE859E3-8325-8BF9-41AC-8613F1FBF8CF}.Release|Any CPU.Build.0 = Release|Any CPU
	EndGlobalSection
	GlobalSection(SolutionProperties) = preSolution
		HideSolutionNode = FALSE
	EndGlobalSection
EndGlobal
